
Microsoft Visual Studio Solution File, Format Version 11.00
# Visual Studio 2010
Project("{FAE04EC0-301F-11D3-BF4B-00C04F79EFBC}") = "Assembly-CSharp", "Assembly-CSharp.csproj", "{75AC5C05-2043-AA89-878A-5CD54E26B708}"
EndProject
Project("{FAE04EC0-301F-11D3-BF4B-00C04F79EFBC}") = "Assembly-CSharp-firstpass", "Assembly-CSharp-firstpass.csproj", "{3C914B88-311E-E22C-298B-C2F9D51B99F7}"
EndProject
Project("{FAE04EC0-301F-11D3-BF4B-00C04F79EFBC}") = "Assembly-CSharp-Editor-firstpass", "Assembly-CSharp-Editor-firstpass.csproj", "{1CFA4653-6DC1-A67B-691A-8148AC1C9FEE}"
EndProject
Global
	GlobalSection(SolutionConfigurationPlatforms) = preSolution
		Debug|Any CPU = Debug|Any CPU
		Release|Any CPU = Release|Any CPU
	EndGlobalSection
	GlobalSection(ProjectConfigurationPlatforms) = postSolution
		{75AC5C05-2043-AA89-878A-5CD54E26B708}.Debug|Any CPU.ActiveCfg = Debug|Any CPU
		{75AC5C05-2043-AA89-878A-5CD54E26B708}.Debug|Any CPU.Build.0 = Debug|Any CPU
		{75AC5C05-2043-AA89-878A-5CD54E26B708}.Release|Any CPU.ActiveCfg = Release|Any CPU
		{75AC5C05-2043-AA89-878A-5CD54E26B708}.Release|Any CPU.Build.0 = Release|Any CPU
		{3C914B88-311E-E22C-298B-C2F9D51B99F7}.Debug|Any CPU.ActiveCfg = Debug|Any CPU
		{3C914B88-311E-E22C-298B-C2F9D51B99F7}.Debug|Any CPU.Build.0 = Debug|Any CPU
		{3C914B88-311E-E22C-298B-C2F9D51B99F7}.Release|Any CPU.ActiveCfg = Release|Any CPU
		{3C914B88-311E-E22C-298B-C2F9D51B99F7}.Release|Any CPU.Build.0 = Release|Any CPU
		{1CFA4653-6DC1-A67B-691A-8148AC1C9FEE}.Debug|Any CPU.ActiveCfg = Debug|Any CPU
		{1CFA4653-6DC1-A67B-691A-8148AC1C9FEE}.Debug|Any CPU.Build.0 = Debug|Any CPU
		{1CFA4653-6DC1-A67B-691A-8148AC1C9FEE}.Release|Any CPU.ActiveCfg = Release|Any CPU
		{1CFA4653-6DC1-A67B-691A-8148AC1C9FEE}.Release|Any CPU.Build.0 = Release|Any CPU
	EndGlobalSection
	GlobalSection(SolutionProperties) = preSolution
		HideSolutionNode = FALSE
	EndGlobalSection
	GlobalSection(MonoDevelopProperties) = preSolution
		StartupItem = Assembly-CSharp.csproj
	EndGlobalSection
EndGlobal
